// !$*UTF8*$!
{
	archiveVersion = 1;
	classes = {
	};
	objectVersion = 50;
	objects = {

/* Begin PBXBuildFile section */
		3D0AAAB528503EB90087A04C /* AppDelegate.swift in Sources */ = {isa = PBXBuildFile; fileRef = 3D0AAAB428503EB90087A04C /* AppDelegate.swift */; };
		3D0AAAB928503EB90087A04C /* RootViewController.swift in Sources */ = {isa = PBXBuildFile; fileRef = 3D0AAAB828503EB90087A04C /* RootViewController.swift */; };
		3D0AAABC28503EB90087A04C /* Main.storyboard in Resources */ = {isa = PBXBuildFile; fileRef = 3D0AAABA28503EB90087A04C /* Main.storyboard */; };
		3D0AAABE28503EBB0087A04C /* Assets.xcassets in Resources */ = {isa = PBXBuildFile; fileRef = 3D0AAABD28503EBB0087A04C /* Assets.xcassets */; };
		3D0AAAC128503EBB0087A04C /* LaunchScreen.storyboard in Resources */ = {isa = PBXBuildFile; fileRef = 3D0AAABF28503EBB0087A04C /* LaunchScreen.storyboard */; };
		3D0AAACA285042800087A04C /* EmployeeResponse.swift in Sources */ = {isa = PBXBuildFile; fileRef = 3D0AAAC9285042800087A04C /* EmployeeResponse.swift */; };
		3D0AAACC2850458F0087A04C /* Client.swift in Sources */ = {isa = PBXBuildFile; fileRef = 3D0AAACB2850458F0087A04C /* Client.swift */; };
		3D0AAACE2850476D0087A04C /* Protocols.swift in Sources */ = {isa = PBXBuildFile; fileRef = 3D0AAACD2850476D0087A04C /* Protocols.swift */; };
		3D0AAAD128504AA10087A04C /* EmployeeRequest.swift in Sources */ = {isa = PBXBuildFile; fileRef = 3D0AAAD028504AA10087A04C /* EmployeeRequest.swift */; };
		3D0AAAD5285051A60087A04C /* Errors.swift in Sources */ = {isa = PBXBuildFile; fileRef = 3D0AAAD4285051A60087A04C /* Errors.swift */; };
		3D0AAAD9285058F20087A04C /* Utils.swift in Sources */ = {isa = PBXBuildFile; fileRef = 3D0AAAD8285058F20087A04C /* Utils.swift */; };
		3D0AAAE32850ECE60087A04C /* UIProtocols.swift in Sources */ = {isa = PBXBuildFile; fileRef = 3D0AAAE22850ECE60087A04C /* UIProtocols.swift */; };
		3D0AAAE62850ED340087A04C /* RootViewModel.swift in Sources */ = {isa = PBXBuildFile; fileRef = 3D0AAAE52850ED340087A04C /* RootViewModel.swift */; };
		3D0AAAEA28510A680087A04C /* EmployeeListCell.swift in Sources */ = {isa = PBXBuildFile; fileRef = 3D0AAAE928510A680087A04C /* EmployeeListCell.swift */; };
		3D0AAAEC285115C20087A04C /* Coordinator.swift in Sources */ = {isa = PBXBuildFile; fileRef = 3D0AAAEB285115C20087A04C /* Coordinator.swift */; };
		3D0AAAEF2851177D0087A04C /* AppCoordinator.swift in Sources */ = {isa = PBXBuildFile; fileRef = 3D0AAAEE2851177D0087A04C /* AppCoordinator.swift */; };
		3D0AAB00285119850087A04C /* EmpolyeesListViewModel.swift in Sources */ = {isa = PBXBuildFile; fileRef = 3D0AAAFC285119850087A04C /* EmpolyeesListViewModel.swift */; };
		3D0AAB01285119850087A04C /* EmpolyeesListView.swift in Sources */ = {isa = PBXBuildFile; fileRef = 3D0AAAFD285119850087A04C /* EmpolyeesListView.swift */; };
		3D0AAB02285119850087A04C /* EmptyStateView.swift in Sources */ = {isa = PBXBuildFile; fileRef = 3D0AAAFF285119850087A04C /* EmptyStateView.swift */; };
		3D0AAB0428512F490087A04C /* EmptyStateViewModel.swift in Sources */ = {isa = PBXBuildFile; fileRef = 3D0AAB0328512F490087A04C /* EmptyStateViewModel.swift */; };
/* End PBXBuildFile section */

/* Begin PBXFileReference section */
		3D0AAAB128503EB90087A04C /* Square's Mobile Project.app */ = {isa = PBXFileReference; explicitFileType = wrapper.application; includeInIndex = 0; path = "Square's Mobile Project.app"; sourceTree = BUILT_PRODUCTS_DIR; };
		3D0AAAB428503EB90087A04C /* AppDelegate.swift */ = {isa = PBXFileReference; lastKnownFileType = sourcecode.swift; path = AppDelegate.swift; sourceTree = "<group>"; };
		3D0AAAB828503EB90087A04C /* RootViewController.swift */ = {isa = PBXFileReference; lastKnownFileType = sourcecode.swift; path = RootViewController.swift; sourceTree = "<group>"; };
		3D0AAABB28503EB90087A04C /* Base */ = {isa = PBXFileReference; lastKnownFileType = file.storyboard; name = Base; path = Base.lproj/Main.storyboard; sourceTree = "<group>"; };
		3D0AAABD28503EBB0087A04C /* Assets.xcassets */ = {isa = PBXFileReference; lastKnownFileType = folder.assetcatalog; path = Assets.xcassets; sourceTree = "<group>"; };
		3D0AAAC028503EBB0087A04C /* Base */ = {isa = PBXFileReference; lastKnownFileType = file.storyboard; name = Base; path = Base.lproj/LaunchScreen.storyboard; sourceTree = "<group>"; };
		3D0AAAC228503EBB0087A04C /* Info.plist */ = {isa = PBXFileReference; lastKnownFileType = text.plist.xml; path = Info.plist; sourceTree = "<group>"; };
		3D0AAAC9285042800087A04C /* EmployeeResponse.swift */ = {isa = PBXFileReference; lastKnownFileType = sourcecode.swift; path = EmployeeResponse.swift; sourceTree = "<group>"; };
		3D0AAACB2850458F0087A04C /* Client.swift */ = {isa = PBXFileReference; lastKnownFileType = sourcecode.swift; path = Client.swift; sourceTree = "<group>"; };
		3D0AAACD2850476D0087A04C /* Protocols.swift */ = {isa = PBXFileReference; lastKnownFileType = sourcecode.swift; path = Protocols.swift; sourceTree = "<group>"; };
		3D0AAAD028504AA10087A04C /* EmployeeRequest.swift */ = {isa = PBXFileReference; lastKnownFileType = sourcecode.swift; path = EmployeeRequest.swift; sourceTree = "<group>"; };
		3D0AAAD4285051A60087A04C /* Errors.swift */ = {isa = PBXFileReference; lastKnownFileType = sourcecode.swift; path = Errors.swift; sourceTree = "<group>"; };
		3D0AAAD8285058F20087A04C /* Utils.swift */ = {isa = PBXFileReference; lastKnownFileType = sourcecode.swift; path = Utils.swift; sourceTree = "<group>"; };
		3D0AAAE22850ECE60087A04C /* UIProtocols.swift */ = {isa = PBXFileReference; lastKnownFileType = sourcecode.swift; path = UIProtocols.swift; sourceTree = "<group>"; };
		3D0AAAE52850ED340087A04C /* RootViewModel.swift */ = {isa = PBXFileReference; lastKnownFileType = sourcecode.swift; path = RootViewModel.swift; sourceTree = "<group>"; };
		3D0AAAE928510A680087A04C /* EmployeeListCell.swift */ = {isa = PBXFileReference; lastKnownFileType = sourcecode.swift; path = EmployeeListCell.swift; sourceTree = "<group>"; };
		3D0AAAEB285115C20087A04C /* Coordinator.swift */ = {isa = PBXFileReference; lastKnownFileType = sourcecode.swift; path = Coordinator.swift; sourceTree = "<group>"; };
		3D0AAAEE2851177D0087A04C /* AppCoordinator.swift */ = {isa = PBXFileReference; lastKnownFileType = sourcecode.swift; path = AppCoordinator.swift; sourceTree = "<group>"; };
		3D0AAAFC285119850087A04C /* EmpolyeesListViewModel.swift */ = {isa = PBXFileReference; fileEncoding = 4; lastKnownFileType = sourcecode.swift; path = EmpolyeesListViewModel.swift; sourceTree = "<group>"; };
		3D0AAAFD285119850087A04C /* EmpolyeesListView.swift */ = {isa = PBXFileReference; fileEncoding = 4; lastKnownFileType = sourcecode.swift; path = EmpolyeesListView.swift; sourceTree = "<group>"; };
		3D0AAAFF285119850087A04C /* EmptyStateView.swift */ = {isa = PBXFileReference; fileEncoding = 4; lastKnownFileType = sourcecode.swift; path = EmptyStateView.swift; sourceTree = "<group>"; };
		3D0AAB0328512F490087A04C /* EmptyStateViewModel.swift */ = {isa = PBXFileReference; lastKnownFileType = sourcecode.swift; path = EmptyStateViewModel.swift; sourceTree = "<group>"; };
/* End PBXFileReference section */

/* Begin PBXFrameworksBuildPhase section */
		3D0AAAAE28503EB90087A04C /* Frameworks */ = {
			isa = PBXFrameworksBuildPhase;
			buildActionMask = 2147483647;
			files = (
			);
			runOnlyForDeploymentPostprocessing = 0;
		};
/* End PBXFrameworksBuildPhase section */

/* Begin PBXGroup section */
		3D0AAAA828503EB80087A04C = {
			isa = PBXGroup;
			children = (
				3D0AAAB328503EB90087A04C /* Square's Mobile Project */,
				3D0AAAB228503EB90087A04C /* Products */,
			);
			sourceTree = "<group>";
		};
		3D0AAAB228503EB90087A04C /* Products */ = {
			isa = PBXGroup;
			children = (
				3D0AAAB128503EB90087A04C /* Square's Mobile Project.app */,
			);
			name = Products;
			sourceTree = "<group>";
		};
		3D0AAAB328503EB90087A04C /* Square's Mobile Project */ = {
			isa = PBXGroup;
			children = (
				3D0AAAED285115DB0087A04C /* App */,
				3D0AAAD6285057E60087A04C /* UI */,
				3D0AAAC828503ECD0087A04C /* Services */,
				3D0AAABD28503EBB0087A04C /* Assets.xcassets */,
				3D0AAABF28503EBB0087A04C /* LaunchScreen.storyboard */,
				3D0AAAC228503EBB0087A04C /* Info.plist */,
			);
			path = "Square's Mobile Project";
			sourceTree = "<group>";
		};
		3D0AAAC828503ECD0087A04C /* Services */ = {
			isa = PBXGroup;
			children = (
				3D0AAADC2850EC340087A04C /* ImageDownloader */,
				3D0AAACF28504A640087A04C /* Employee */,
				3D0AAB05285142980087A04C /* Core */,
			);
			path = Services;
			sourceTree = "<group>";
		};
		3D0AAACF28504A640087A04C /* Employee */ = {
			isa = PBXGroup;
			children = (
				3D0AAAC9285042800087A04C /* EmployeeResponse.swift */,
				3D0AAAD028504AA10087A04C /* EmployeeRequest.swift */,
			);
			path = Employee;
			sourceTree = "<group>";
		};
		3D0AAAD6285057E60087A04C /* UI */ = {
			isa = PBXGroup;
			children = (
				3D0AAAFE285119850087A04C /* Empty */,
				3D0AAAFB285119850087A04C /* List */,
				3D0AAAE42850ED200087A04C /* Main */,
				3D0AAAD8285058F20087A04C /* Utils.swift */,
				3D0AAAE22850ECE60087A04C /* UIProtocols.swift */,
			);
			path = UI;
			sourceTree = "<group>";
		};
		3D0AAADC2850EC340087A04C /* ImageDownloader */ = {
			isa = PBXGroup;
			children = (
			);
			path = ImageDownloader;
			sourceTree = "<group>";
		};
		3D0AAAE42850ED200087A04C /* Main */ = {
			isa = PBXGroup;
			children = (
				3D0AAAB828503EB90087A04C /* RootViewController.swift */,
				3D0AAABA28503EB90087A04C /* Main.storyboard */,
				3D0AAAE52850ED340087A04C /* RootViewModel.swift */,
			);
			path = Main;
			sourceTree = "<group>";
		};
		3D0AAAED285115DB0087A04C /* App */ = {
			isa = PBXGroup;
			children = (
				3D0AAAB428503EB90087A04C /* AppDelegate.swift */,
				3D0AAAEB285115C20087A04C /* Coordinator.swift */,
				3D0AAAEE2851177D0087A04C /* AppCoordinator.swift */,
			);
			path = App;
			sourceTree = "<group>";
		};
		3D0AAAFB285119850087A04C /* List */ = {
			isa = PBXGroup;
			children = (
				3D0AAAE928510A680087A04C /* EmployeeListCell.swift */,
				3D0AAAFC285119850087A04C /* EmpolyeesListViewModel.swift */,
				3D0AAAFD285119850087A04C /* EmpolyeesListView.swift */,
			);
			path = List;
			sourceTree = "<group>";
		};
		3D0AAAFE285119850087A04C /* Empty */ = {
			isa = PBXGroup;
			children = (
				3D0AAAFF285119850087A04C /* EmptyStateView.swift */,
				3D0AAB0328512F490087A04C /* EmptyStateViewModel.swift */,
			);
			path = Empty;
			sourceTree = "<group>";
		};
		3D0AAB05285142980087A04C /* Core */ = {
			isa = PBXGroup;
			children = (
				3D0AAAD4285051A60087A04C /* Errors.swift */,
				3D0AAACB2850458F0087A04C /* Client.swift */,
				3D0AAACD2850476D0087A04C /* Protocols.swift */,
			);
			path = Core;
			sourceTree = "<group>";
		};
/* End PBXGroup section */

/* Begin PBXNativeTarget section */
		3D0AAAB028503EB90087A04C /* Square's Mobile Project */ = {
			isa = PBXNativeTarget;
			buildConfigurationList = 3D0AAAC528503EBB0087A04C /* Build configuration list for PBXNativeTarget "Square's Mobile Project" */;
			buildPhases = (
				3D0AAAAD28503EB90087A04C /* Sources */,
				3D0AAAAE28503EB90087A04C /* Frameworks */,
				3D0AAAAF28503EB90087A04C /* Resources */,
			);
			buildRules = (
			);
			dependencies = (
			);
			name = "Square's Mobile Project";
			productName = "Square's Mobile Project";
			productReference = 3D0AAAB128503EB90087A04C /* Square's Mobile Project.app */;
			productType = "com.apple.product-type.application";
		};
/* End PBXNativeTarget section */

/* Begin PBXProject section */
		3D0AAAA928503EB90087A04C /* Project object */ = {
			isa = PBXProject;
			attributes = {
				LastSwiftUpdateCheck = 1170;
				LastUpgradeCheck = 1170;
				ORGANIZATIONNAME = "CHIEH-YU TAO";
				TargetAttributes = {
					3D0AAAB028503EB90087A04C = {
						CreatedOnToolsVersion = 11.7;
					};
				};
			};
			buildConfigurationList = 3D0AAAAC28503EB90087A04C /* Build configuration list for PBXProject "Square's Mobile Project" */;
			compatibilityVersion = "Xcode 9.3";
			developmentRegion = en;
			hasScannedForEncodings = 0;
			knownRegions = (
				en,
				Base,
			);
			mainGroup = 3D0AAAA828503EB80087A04C;
			productRefGroup = 3D0AAAB228503EB90087A04C /* Products */;
			projectDirPath = "";
			projectRoot = "";
			targets = (
				3D0AAAB028503EB90087A04C /* Square's Mobile Project */,
			);
		};
/* End PBXProject section */

/* Begin PBXResourcesBuildPhase section */
		3D0AAAAF28503EB90087A04C /* Resources */ = {
			isa = PBXResourcesBuildPhase;
			buildActionMask = 2147483647;
			files = (
				3D0AAAC128503EBB0087A04C /* LaunchScreen.storyboard in Resources */,
				3D0AAABE28503EBB0087A04C /* Assets.xcassets in Resources */,
				3D0AAABC28503EB90087A04C /* Main.storyboard in Resources */,
			);
			runOnlyForDeploymentPostprocessing = 0;
		};
/* End PBXResourcesBuildPhase section */

/* Begin PBXSourcesBuildPhase section */
		3D0AAAAD28503EB90087A04C /* Sources */ = {
			isa = PBXSourcesBuildPhase;
			buildActionMask = 2147483647;
			files = (
				3D0AAB00285119850087A04C /* EmpolyeesListViewModel.swift in Sources */,
				3D0AAAD5285051A60087A04C /* Errors.swift in Sources */,
				3D0AAB01285119850087A04C /* EmpolyeesListView.swift in Sources */,
				3D0AAAEA28510A680087A04C /* EmployeeListCell.swift in Sources */,
				3D0AAAB928503EB90087A04C /* RootViewController.swift in Sources */,
				3D0AAAE32850ECE60087A04C /* UIProtocols.swift in Sources */,
				3D0AAAEF2851177D0087A04C /* AppCoordinator.swift in Sources */,
				3D0AAAD9285058F20087A04C /* Utils.swift in Sources */,
				3D0AAACA285042800087A04C /* EmployeeResponse.swift in Sources */,
				3D0AAACE2850476D0087A04C /* Protocols.swift in Sources */,
				3D0AAB02285119850087A04C /* EmptyStateView.swift in Sources */,
				3D0AAAD128504AA10087A04C /* EmployeeRequest.swift in Sources */,
				3D0AAAEC285115C20087A04C /* Coordinator.swift in Sources */,
				3D0AAACC2850458F0087A04C /* Client.swift in Sources */,
				3D0AAB0428512F490087A04C /* EmptyStateViewModel.swift in Sources */,
				3D0AAAB528503EB90087A04C /* AppDelegate.swift in Sources */,
				3D0AAAE62850ED340087A04C /* RootViewModel.swift in Sources */,
			);
			runOnlyForDeploymentPostprocessing = 0;
		};
/* End PBXSourcesBuildPhase section */

/* Begin PBXVariantGroup section */
		3D0AAABA28503EB90087A04C /* Main.storyboard */ = {
			isa = PBXVariantGroup;
			children = (
				3D0AAABB28503EB90087A04C /* Base */,
			);
			name = Main.storyboard;
			sourceTree = "<group>";
		};
		3D0AAABF28503EBB0087A04C /* LaunchScreen.storyboard */ = {
			isa = PBXVariantGroup;
			children = (
				3D0AAAC028503EBB0087A04C /* Base */,
			);
			name = LaunchScreen.storyboard;
			sourceTree = "<group>";
		};
/* End PBXVariantGroup section */

/* Begin XCBuildConfiguration section */
		3D0AAAC328503EBB0087A04C /* Debug */ = {
			isa = XCBuildConfiguration;
			buildSettings = {
				ALWAYS_SEARCH_USER_PATHS = NO;
				CLANG_ANALYZER_NONNULL = YES;
				CLANG_ANALYZER_NUMBER_OBJECT_CONVERSION = YES_AGGRESSIVE;
				CLANG_CXX_LANGUAGE_STANDARD = "gnu++14";
				CLANG_CXX_LIBRARY = "libc++";
				CLANG_ENABLE_MODULES = YES;
				CLANG_ENABLE_OBJC_ARC = YES;
				CLANG_ENABLE_OBJC_WEAK = YES;
				CLANG_WARN_BLOCK_CAPTURE_AUTORELEASING = YES;
				CLANG_WARN_BOOL_CONVERSION = YES;
				CLANG_WARN_COMMA = YES;
				CLANG_WARN_CONSTANT_CONVERSION = YES;
				CLANG_WARN_DEPRECATED_OBJC_IMPLEMENTATIONS = YES;
				CLANG_WARN_DIRECT_OBJC_ISA_USAGE = YES_ERROR;
				CLANG_WARN_DOCUMENTATION_COMMENTS = YES;
				CLANG_WARN_EMPTY_BODY = YES;
				CLANG_WARN_ENUM_CONVERSION = YES;
				CLANG_WARN_INFINITE_RECURSION = YES;
				CLANG_WARN_INT_CONVERSION = YES;
				CLANG_WARN_NON_LITERAL_NULL_CONVERSION = YES;
				CLANG_WARN_OBJC_IMPLICIT_RETAIN_SELF = YES;
				CLANG_WARN_OBJC_LITERAL_CONVERSION = YES;
				CLANG_WARN_OBJC_ROOT_CLASS = YES_ERROR;
				CLANG_WARN_RANGE_LOOP_ANALYSIS = YES;
				CLANG_WARN_STRICT_PROTOTYPES = YES;
				CLANG_WARN_SUSPICIOUS_MOVE = YES;
				CLANG_WARN_UNGUARDED_AVAILABILITY = YES_AGGRESSIVE;
				CLANG_WARN_UNREACHABLE_CODE = YES;
				CLANG_WARN__DUPLICATE_METHOD_MATCH = YES;
				COPY_PHASE_STRIP = NO;
				DEBUG_INFORMATION_FORMAT = dwarf;
				ENABLE_STRICT_OBJC_MSGSEND = YES;
				ENABLE_TESTABILITY = YES;
				GCC_C_LANGUAGE_STANDARD = gnu11;
				GCC_DYNAMIC_NO_PIC = NO;
				GCC_NO_COMMON_BLOCKS = YES;
				GCC_OPTIMIZATION_LEVEL = 0;
				GCC_PREPROCESSOR_DEFINITIONS = (
					"DEBUG=1",
					"$(inherited)",
				);
				GCC_WARN_64_TO_32_BIT_CONVERSION = YES;
				GCC_WARN_ABOUT_RETURN_TYPE = YES_ERROR;
				GCC_WARN_UNDECLARED_SELECTOR = YES;
				GCC_WARN_UNINITIALIZED_AUTOS = YES_AGGRESSIVE;
				GCC_WARN_UNUSED_FUNCTION = YES;
				GCC_WARN_UNUSED_VARIABLE = YES;
				IPHONEOS_DEPLOYMENT_TARGET = 13.7;
				MTL_ENABLE_DEBUG_INFO = INCLUDE_SOURCE;
				MTL_FAST_MATH = YES;
				ONLY_ACTIVE_ARCH = YES;
				SDKROOT = iphoneos;
				SWIFT_ACTIVE_COMPILATION_CONDITIONS = DEBUG;
				SWIFT_OPTIMIZATION_LEVEL = "-Onone";
			};
			name = Debug;
		};
		3D0AAAC428503EBB0087A04C /* Release */ = {
			isa = XCBuildConfiguration;
			buildSettings = {
				ALWAYS_SEARCH_USER_PATHS = NO;
				CLANG_ANALYZER_NONNULL = YES;
				CLANG_ANALYZER_NUMBER_OBJECT_CONVERSION = YES_AGGRESSIVE;
				CLANG_CXX_LANGUAGE_STANDARD = "gnu++14";
				CLANG_CXX_LIBRARY = "libc++";
				CLANG_ENABLE_MODULES = YES;
				CLANG_ENABLE_OBJC_ARC = YES;
				CLANG_ENABLE_OBJC_WEAK = YES;
				CLANG_WARN_BLOCK_CAPTURE_AUTORELEASING = YES;
				CLANG_WARN_BOOL_CONVERSION = YES;
				CLANG_WARN_COMMA = YES;
				CLANG_WARN_CONSTANT_CONVERSION = YES;
				CLANG_WARN_DEPRECATED_OBJC_IMPLEMENTATIONS = YES;
				CLANG_WARN_DIRECT_OBJC_ISA_USAGE = YES_ERROR;
				CLANG_WARN_DOCUMENTATION_COMMENTS = YES;
				CLANG_WARN_EMPTY_BODY = YES;
				CLANG_WARN_ENUM_CONVERSION = YES;
				CLANG_WARN_INFINITE_RECURSION = YES;
				CLANG_WARN_INT_CONVERSION = YES;
				CLANG_WARN_NON_LITERAL_NULL_CONVERSION = YES;
				CLANG_WARN_OBJC_IMPLICIT_RETAIN_SELF = YES;
				CLANG_WARN_OBJC_LITERAL_CONVERSION = YES;
				CLANG_WARN_OBJC_ROOT_CLASS = YES_ERROR;
				CLANG_WARN_RANGE_LOOP_ANALYSIS = YES;
				CLANG_WARN_STRICT_PROTOTYPES = YES;
				CLANG_WARN_SUSPICIOUS_MOVE = YES;
				CLANG_WARN_UNGUARDED_AVAILABILITY = YES_AGGRESSIVE;
				CLANG_WARN_UNREACHABLE_CODE = YES;
				CLANG_WARN__DUPLICATE_METHOD_MATCH = YES;
				COPY_PHASE_STRIP = NO;
				DEBUG_INFORMATION_FORMAT = "dwarf-with-dsym";
				ENABLE_NS_ASSERTIONS = NO;
				ENABLE_STRICT_OBJC_MSGSEND = YES;
				GCC_C_LANGUAGE_STANDARD = gnu11;
				GCC_NO_COMMON_BLOCKS = YES;
				GCC_WARN_64_TO_32_BIT_CONVERSION = YES;
				GCC_WARN_ABOUT_RETURN_TYPE = YES_ERROR;
				GCC_WARN_UNDECLARED_SELECTOR = YES;
				GCC_WARN_UNINITIALIZED_AUTOS = YES_AGGRESSIVE;
				GCC_WARN_UNUSED_FUNCTION = YES;
				GCC_WARN_UNUSED_VARIABLE = YES;
				IPHONEOS_DEPLOYMENT_TARGET = 13.7;
				MTL_ENABLE_DEBUG_INFO = NO;
				MTL_FAST_MATH = YES;
				SDKROOT = iphoneos;
				SWIFT_COMPILATION_MODE = wholemodule;
				SWIFT_OPTIMIZATION_LEVEL = "-O";
				VALIDATE_PRODUCT = YES;
			};
			name = Release;
		};
		3D0AAAC628503EBB0087A04C /* Debug */ = {
			isa = XCBuildConfiguration;
			buildSettings = {
				ASSETCATALOG_COMPILER_APPICON_NAME = AppIcon;
				CODE_SIGN_STYLE = Automatic;
				DEVELOPMENT_TEAM = 9YSU4U3698;
				INFOPLIST_FILE = "Square's Mobile Project/Info.plist";
				LD_RUNPATH_SEARCH_PATHS = (
					"$(inherited)",
					"@executable_path/Frameworks",
				);
				PRODUCT_BUNDLE_IDENTIFIER = "com.joycytao.Square-s-Mobile-Project";
				PRODUCT_NAME = "$(TARGET_NAME)";
				SWIFT_VERSION = 5.0;
				TARGETED_DEVICE_FAMILY = "1,2";
			};
			name = Debug;
		};
		3D0AAAC728503EBB0087A04C /* Release */ = {
			isa = XCBuildConfiguration;
			buildSettings = {
				ASSETCATALOG_COMPILER_APPICON_NAME = AppIcon;
				CODE_SIGN_STYLE = Automatic;
				DEVELOPMENT_TEAM = 9YSU4U3698;
				INFOPLIST_FILE = "Square's Mobile Project/Info.plist";
				LD_RUNPATH_SEARCH_PATHS = (
					"$(inherited)",
					"@executable_path/Frameworks",
				);
				PRODUCT_BUNDLE_IDENTIFIER = "com.joycytao.Square-s-Mobile-Project";
				PRODUCT_NAME = "$(TARGET_NAME)";
				SWIFT_VERSION = 5.0;
				TARGETED_DEVICE_FAMILY = "1,2";
			};
			name = Release;
		};
/* End XCBuildConfiguration section */

/* Begin XCConfigurationList section */
		3D0AAAAC28503EB90087A04C /* Build configuration list for PBXProject "Square's Mobile Project" */ = {
			isa = XCConfigurationList;
			buildConfigurations = (
				3D0AAAC328503EBB0087A04C /* Debug */,
				3D0AAAC428503EBB0087A04C /* Release */,
			);
			defaultConfigurationIsVisible = 0;
			defaultConfigurationName = Release;
		};
		3D0AAAC528503EBB0087A04C /* Build configuration list for PBXNativeTarget "Square's Mobile Project" */ = {
			isa = XCConfigurationList;
			buildConfigurations = (
				3D0AAAC628503EBB0087A04C /* Debug */,
				3D0AAAC728503EBB0087A04C /* Release */,
			);
			defaultConfigurationIsVisible = 0;
			defaultConfigurationName = Release;
		};
/* End XCConfigurationList section */
	};
	rootObject = 3D0AAAA928503EB90087A04C /* Project object */;
}
